# Project.lock v1
root_manifest=/Users/mikserek/Projects/beskid/.worktrees/compiler-f6-native-descriptor-contract/crates/beskid_e2e_tests/fixtures/try_expression/TryExpression.bproj
project_name=TryExpression
dependencies:
- name=Std;manifest=/Users/mikserek/.beskid/beskid_corelib/beskid_corelib/corelib.bproj;project=/Users/mikserek/.beskid/beskid_corelib/beskid_corelib;source_root=/Users/mikserek/.beskid/beskid_corelib/beskid_corelib/;materialized_root=obj/beskid/deps/src/corelib-dcc4531bb8201b6f
- name=corelib_compiler_sdk;manifest=/Users/mikserek/.beskid/beskid_corelib/packages/compiler-sdk/corelib_compiler_sdk.bproj;project=/Users/mikserek/.beskid/beskid_corelib/packages/compiler-sdk;source_root=/Users/mikserek/.beskid/beskid_corelib/packages/compiler-sdk/src;materialized_root=obj/beskid/deps/src/corelib_compiler_sdk-62029e2450188769
- name=corelib_concurrency;manifest=/Users/mikserek/.beskid/beskid_corelib/packages/concurrency/corelib_concurrency.bproj;project=/Users/mikserek/.beskid/beskid_corelib/packages/concurrency;source_root=/Users/mikserek/.beskid/beskid_corelib/packages/concurrency/src;materialized_root=obj/beskid/deps/src/corelib_concurrency-6f9dc452016f6249
- name=corelib_console;manifest=/Users/mikserek/.beskid/beskid_corelib/packages/console/corelib_console.bproj;project=/Users/mikserek/.beskid/beskid_corelib/packages/console;source_root=/Users/mikserek/.beskid/beskid_corelib/packages/console/src;materialized_root=obj/beskid/deps/src/corelib_console-eb48c8abcb3910e0
- name=corelib_foundation;manifest=/Users/mikserek/.beskid/beskid_corelib/packages/foundation/corelib_foundation.bproj;project=/Users/mikserek/.beskid/beskid_corelib/packages/foundation;source_root=/Users/mikserek/.beskid/beskid_corelib/packages/foundation/src;materialized_root=obj/beskid/deps/src/corelib_foundation-6f107d02c2253651
- name=corelib_glue;manifest=/Users/mikserek/.beskid/beskid_corelib/packages/glue/corelib_glue.bproj;project=/Users/mikserek/.beskid/beskid_corelib/packages/glue;source_root=/Users/mikserek/.beskid/beskid_corelib/packages/glue/src;materialized_root=obj/beskid/deps/src/corelib_glue-ca7e0b60ee0ee6cd
- name=corelib_interop;manifest=/Users/mikserek/.beskid/beskid_corelib/packages/interop/corelib_interop.bproj;project=/Users/mikserek/.beskid/beskid_corelib/packages/interop;source_root=/Users/mikserek/.beskid/beskid_corelib/packages/interop/src;materialized_root=obj/beskid/deps/src/corelib_interop-527393199fc4b525
- name=corelib_runtime;manifest=/Users/mikserek/.beskid/beskid_corelib/packages/runtime/corelib_runtime.bproj;project=/Users/mikserek/.beskid/beskid_corelib/packages/runtime;source_root=/Users/mikserek/.beskid/beskid_corelib/packages/runtime/src;materialized_root=obj/beskid/deps/src/corelib_runtime-a371ebea76cdabd7
