# Project.lock v1
root_manifest=SampleMod.bproj
project_name=SampleMod
dependencies:
- name=Std;manifest=../../../../../corelib/beskid_corelib/corelib.bproj;project=../../../../../corelib/beskid_corelib;source_root=.;materialized_root=obj/beskid/deps/src/corelib-8b6a919adeb3987a
- name=corelib_compiler_sdk;manifest=../../../../../corelib/packages/compiler-sdk/corelib_compiler_sdk.bproj;project=../../../../../corelib/packages/compiler-sdk;source_root=src;materialized_root=obj/beskid/deps/src/corelib_compiler_sdk-91d4fd95409025d3
- name=corelib_concurrency;manifest=../../../../../corelib/packages/concurrency/corelib_concurrency.bproj;project=../../../../../corelib/packages/concurrency;source_root=src;materialized_root=obj/beskid/deps/src/corelib_concurrency-e328e7d28d172bd5
- name=corelib_console;manifest=../../../../../corelib/packages/console/corelib_console.bproj;project=../../../../../corelib/packages/console;source_root=src;materialized_root=obj/beskid/deps/src/corelib_console-21f2701c50993831
- name=corelib_foundation;manifest=../../../../../corelib/packages/foundation/corelib_foundation.bproj;project=../../../../../corelib/packages/foundation;source_root=src;materialized_root=obj/beskid/deps/src/corelib_foundation-e68bc9ee987e348a
- name=corelib_glue;manifest=../../../../../corelib/packages/glue/corelib_glue.bproj;project=../../../../../corelib/packages/glue;source_root=src;materialized_root=obj/beskid/deps/src/corelib_glue-f4a2b24c383b5329
- name=corelib_interop;manifest=../../../../../corelib/packages/interop/corelib_interop.bproj;project=../../../../../corelib/packages/interop;source_root=src;materialized_root=obj/beskid/deps/src/corelib_interop-05c06516097dae75
- name=corelib_runtime;manifest=../../../../../corelib/packages/runtime/corelib_runtime.bproj;project=../../../../../corelib/packages/runtime;source_root=src;materialized_root=obj/beskid/deps/src/corelib_runtime-a112576f820bf7e6
