# Project.lock v1
root_manifest=/Users/mikserek/Projects/beskid/compiler-v05-foundations-runtime/crates/beskid_tests_mods/fixtures/mods/sample_mod/SampleMod.bproj
project_name=SampleMod
dependencies:
- name=Std;manifest=/Users/mikserek/Projects/beskid/compiler-v05-foundations-runtime/corelib/beskid_corelib/corelib.bproj;project=/Users/mikserek/Projects/beskid/compiler-v05-foundations-runtime/corelib/beskid_corelib;source_root=/Users/mikserek/Projects/beskid/compiler-v05-foundations-runtime/corelib/beskid_corelib/;materialized_root=/Users/mikserek/Projects/beskid/compiler-v05-foundations-runtime/crates/beskid_tests_mods/fixtures/mods/sample_mod/obj/beskid/deps/src/corelib-8b6a919adeb3987a
- name=corelib_compiler_sdk;manifest=/Users/mikserek/Projects/beskid/compiler-v05-foundations-runtime/corelib/packages/compiler-sdk/corelib_compiler_sdk.bproj;project=/Users/mikserek/Projects/beskid/compiler-v05-foundations-runtime/corelib/packages/compiler-sdk;source_root=/Users/mikserek/Projects/beskid/compiler-v05-foundations-runtime/corelib/packages/compiler-sdk/src;materialized_root=/Users/mikserek/Projects/beskid/compiler-v05-foundations-runtime/crates/beskid_tests_mods/fixtures/mods/sample_mod/obj/beskid/deps/src/corelib_compiler_sdk-91d4fd95409025d3
- name=corelib_concurrency;manifest=/Users/mikserek/Projects/beskid/compiler-v05-foundations-runtime/corelib/packages/concurrency/corelib_concurrency.bproj;project=/Users/mikserek/Projects/beskid/compiler-v05-foundations-runtime/corelib/packages/concurrency;source_root=/Users/mikserek/Projects/beskid/compiler-v05-foundations-runtime/corelib/packages/concurrency/src;materialized_root=/Users/mikserek/Projects/beskid/compiler-v05-foundations-runtime/crates/beskid_tests_mods/fixtures/mods/sample_mod/obj/beskid/deps/src/corelib_concurrency-e328e7d28d172bd5
- name=corelib_console;manifest=/Users/mikserek/Projects/beskid/compiler-v05-foundations-runtime/corelib/packages/console/corelib_console.bproj;project=/Users/mikserek/Projects/beskid/compiler-v05-foundations-runtime/corelib/packages/console;source_root=/Users/mikserek/Projects/beskid/compiler-v05-foundations-runtime/corelib/packages/console/src;materialized_root=/Users/mikserek/Projects/beskid/compiler-v05-foundations-runtime/crates/beskid_tests_mods/fixtures/mods/sample_mod/obj/beskid/deps/src/corelib_console-21f2701c50993831
- name=corelib_foundation;manifest=/Users/mikserek/Projects/beskid/compiler-v05-foundations-runtime/corelib/packages/foundation/corelib_foundation.bproj;project=/Users/mikserek/Projects/beskid/compiler-v05-foundations-runtime/corelib/packages/foundation;source_root=/Users/mikserek/Projects/beskid/compiler-v05-foundations-runtime/corelib/packages/foundation/src;materialized_root=/Users/mikserek/Projects/beskid/compiler-v05-foundations-runtime/crates/beskid_tests_mods/fixtures/mods/sample_mod/obj/beskid/deps/src/corelib_foundation-e68bc9ee987e348a
- name=corelib_glue;manifest=/Users/mikserek/Projects/beskid/compiler-v05-foundations-runtime/corelib/packages/glue/corelib_glue.bproj;project=/Users/mikserek/Projects/beskid/compiler-v05-foundations-runtime/corelib/packages/glue;source_root=/Users/mikserek/Projects/beskid/compiler-v05-foundations-runtime/corelib/packages/glue/src;materialized_root=/Users/mikserek/Projects/beskid/compiler-v05-foundations-runtime/crates/beskid_tests_mods/fixtures/mods/sample_mod/obj/beskid/deps/src/corelib_glue-f4a2b24c383b5329
- name=corelib_interop;manifest=/Users/mikserek/Projects/beskid/compiler-v05-foundations-runtime/corelib/packages/interop/corelib_interop.bproj;project=/Users/mikserek/Projects/beskid/compiler-v05-foundations-runtime/corelib/packages/interop;source_root=/Users/mikserek/Projects/beskid/compiler-v05-foundations-runtime/corelib/packages/interop/src;materialized_root=/Users/mikserek/Projects/beskid/compiler-v05-foundations-runtime/crates/beskid_tests_mods/fixtures/mods/sample_mod/obj/beskid/deps/src/corelib_interop-05c06516097dae75
- name=corelib_runtime;manifest=/Users/mikserek/Projects/beskid/compiler-v05-foundations-runtime/corelib/packages/runtime/corelib_runtime.bproj;project=/Users/mikserek/Projects/beskid/compiler-v05-foundations-runtime/corelib/packages/runtime;source_root=/Users/mikserek/Projects/beskid/compiler-v05-foundations-runtime/corelib/packages/runtime/src;materialized_root=/Users/mikserek/Projects/beskid/compiler-v05-foundations-runtime/crates/beskid_tests_mods/fixtures/mods/sample_mod/obj/beskid/deps/src/corelib_runtime-a112576f820bf7e6
