# Project.lock v2
root_manifest=App.bproj
project_name=App
dependencies:
- name=Core;source=path;project=../core;manifest=Core.bproj;source_root=Src;materialized_root=obj/beskid/deps/src/Core-760558533f9284aa4e2928116074d751
- name=Std;source=path;project=../../../../../corelib/beskid_corelib;manifest=corelib.bproj;source_root=.;materialized_root=obj/beskid/deps/src/Std-ed34dfe5998204411c9aa3e539794e69
- name=Util;source=path;project=../util;manifest=Util.bproj;source_root=Src;materialized_root=obj/beskid/deps/src/Util-33bd661c392259d6c1043780b251663e
- name=corelib_codec;source=path;project=../../../../../corelib/packages/codec;manifest=corelib_codec.bproj;source_root=src;materialized_root=obj/beskid/deps/src/corelib_codec-2d456544146fd2e72e3333e0aa712a33
- name=corelib_compiler_sdk;source=path;project=../../../../../corelib/packages/compiler-sdk;manifest=corelib_compiler_sdk.bproj;source_root=src;materialized_root=obj/beskid/deps/src/corelib_compiler_sdk-ea8fd8055ee1fe90301ebcf637df4aa3
- name=corelib_concurrency;source=path;project=../../../../../corelib/packages/concurrency;manifest=corelib_concurrency.bproj;source_root=src;materialized_root=obj/beskid/deps/src/corelib_concurrency-3c543e26a64a4f90bdd41da6770fa14b
- name=corelib_connect;source=path;project=../../../../../corelib/packages/connect;manifest=corelib_connect.bproj;source_root=src;materialized_root=obj/beskid/deps/src/corelib_connect-46e6618fd83194ae3103e215b2ca829b
- name=corelib_console;source=path;project=../../../../../corelib/packages/console;manifest=corelib_console.bproj;source_root=src;materialized_root=obj/beskid/deps/src/corelib_console-1d6efa3ada2b30d5d1349c44859ead65
- name=corelib_crypto;source=path;project=../../../../../corelib/packages/crypto;manifest=corelib_crypto.bproj;source_root=src;materialized_root=obj/beskid/deps/src/corelib_crypto-b578d5c46894da8a83add7007bdeff9a
- name=corelib_foundation;source=path;project=../../../../../corelib/packages/foundation;manifest=corelib_foundation.bproj;source_root=src;materialized_root=obj/beskid/deps/src/corelib_foundation-89e78c367dd8032d243308ffdc3689c4
- name=corelib_glue;source=path;project=../../../../../corelib/packages/glue;manifest=corelib_glue.bproj;source_root=src;materialized_root=obj/beskid/deps/src/corelib_glue-5a0e9244837ad2576991f074079e4d16
- name=corelib_http;source=path;project=../../../../../corelib/packages/http;manifest=corelib_http.bproj;source_root=src;materialized_root=obj/beskid/deps/src/corelib_http-04413b6af8ee58dc6c33477b5d87a28b
- name=corelib_http2;source=path;project=../../../../../corelib/packages/http2;manifest=corelib_http2.bproj;source_root=src;materialized_root=obj/beskid/deps/src/corelib_http2-4cd1ee3bcb680882f9a893380646a7c5
- name=corelib_http3;source=path;project=../../../../../corelib/packages/http3;manifest=corelib_http3.bproj;source_root=src;materialized_root=obj/beskid/deps/src/corelib_http3-0eb27d89b736476ab7c02934ac4227ae
- name=corelib_interop;source=path;project=../../../../../corelib/packages/interop;manifest=corelib_interop.bproj;source_root=src;materialized_root=obj/beskid/deps/src/corelib_interop-a808b8439f27f8e7d46e0d07d99521a1
- name=corelib_network;source=path;project=../../../../../corelib/packages/network;manifest=corelib_network.bproj;source_root=src;materialized_root=obj/beskid/deps/src/corelib_network-77d131b1505aad6725e11d753795b321
- name=corelib_quic;source=path;project=../../../../../corelib/packages/quic;manifest=corelib_quic.bproj;source_root=src;materialized_root=obj/beskid/deps/src/corelib_quic-d4294dc531c0de76ce1e0bce023f408d
- name=corelib_runtime;source=path;project=../../../../../corelib/packages/runtime;manifest=corelib_runtime.bproj;source_root=src;materialized_root=obj/beskid/deps/src/corelib_runtime-562c61f07e8c407805fb1ec23d209168
- name=corelib_tls;source=path;project=../../../../../corelib/packages/tls;manifest=corelib_tls.bproj;source_root=src;materialized_root=obj/beskid/deps/src/corelib_tls-bdadb34c6a8ba940b598c1f19b38c182
- name=corelib_uri;source=path;project=../../../../../corelib/packages/uri;manifest=corelib_uri.bproj;source_root=src;materialized_root=obj/beskid/deps/src/corelib_uri-6b13e216061727997d62360bf14d6dc5
- name=corelib_web;source=path;project=../../../../../corelib/packages/web;manifest=corelib_web.bproj;source_root=src;materialized_root=obj/beskid/deps/src/corelib_web-a617807c240fa963ac77722efc0cf03e
- name=corelib_websocket;source=path;project=../../../../../corelib/packages/websocket;manifest=corelib_websocket.bproj;source_root=src;materialized_root=obj/beskid/deps/src/corelib_websocket-2450e068010ab067cdfac300db15e5cb
- name=corelib_x509;source=path;project=../../../../../corelib/packages/x509;manifest=corelib_x509.bproj;source_root=src;materialized_root=obj/beskid/deps/src/corelib_x509-c3311be6380bce86cb284712e6119e7b
