# Project.lock v2
root_manifest=PerfLoop.bproj
project_name=PerfLoop
dependencies:
- name=Core;source=corelib;project=beskid_corelib;manifest=corelib.bproj;source_root=.;materialized_root=obj/beskid/deps/src/Core-81dbe9b059abfcd73535c29e5d790e42
- name=corelib_bsol;source=corelib;project=packages/bsol;manifest=corelib_bsol.bproj;source_root=src;materialized_root=obj/beskid/deps/src/corelib_bsol-74b221473ad428661b653f55f992c9de
- name=corelib_compiler_sdk;source=corelib;project=packages/compiler-sdk;manifest=corelib_compiler_sdk.bproj;source_root=src;materialized_root=obj/beskid/deps/src/corelib_compiler_sdk-b78cd396278b5ebc83f553772a9bac27
- name=corelib_concurrency;source=corelib;project=packages/concurrency;manifest=corelib_concurrency.bproj;source_root=src;materialized_root=obj/beskid/deps/src/corelib_concurrency-13ab48f862ba0ae5e9bf5c20798a87d0
- name=corelib_console;source=corelib;project=packages/console;manifest=corelib_console.bproj;source_root=src;materialized_root=obj/beskid/deps/src/corelib_console-e4ed4362d985e0eb51c1cd4b56ce2200
- name=corelib_foundation;source=corelib;project=packages/foundation;manifest=corelib_foundation.bproj;source_root=src;materialized_root=obj/beskid/deps/src/corelib_foundation-36af321ae161ad408c6868835985321c
- name=corelib_glue;source=corelib;project=packages/glue;manifest=corelib_glue.bproj;source_root=src;materialized_root=obj/beskid/deps/src/corelib_glue-24d3acd0cbb1a75b5c6ee3883859cc97
- name=corelib_http;source=corelib;project=packages/http;manifest=corelib_http.bproj;source_root=src;materialized_root=obj/beskid/deps/src/corelib_http-ec541acbd6cac8470a2e816c0351995d
- name=corelib_interop;source=corelib;project=packages/interop;manifest=corelib_interop.bproj;source_root=src;materialized_root=obj/beskid/deps/src/corelib_interop-2f14f0d2e61774a9ab1673f72cd00901
- name=corelib_network;source=corelib;project=packages/network;manifest=corelib_network.bproj;source_root=src;materialized_root=obj/beskid/deps/src/corelib_network-c99e2572bcc59d0344e495c09bcb3491
- name=corelib_runtime;source=corelib;project=packages/runtime;manifest=corelib_runtime.bproj;source_root=src;materialized_root=obj/beskid/deps/src/corelib_runtime-dcc850f22061e60d06f6853b23dcfd17
- name=corelib_serialization;source=corelib;project=packages/serialization;manifest=corelib_serialization.bproj;source_root=src;materialized_root=obj/beskid/deps/src/corelib_serialization-530502b7128d0828562f59bb54e6b98f
- name=serialization_mod;source=corelib;project=mods/serialization_mod;manifest=serialization_mod.bproj;source_root=Src;materialized_root=obj/beskid/deps/src/serialization_mod-977e4e2d382e58ee4ada5e6d3d6b8b59
