# Project.lock v2
root_manifest=MethodDispatch.bproj
project_name=MethodDispatch
dependencies:
- name=Std;source=path;project=../../../../corelib/beskid_corelib;manifest=corelib.bproj;source_root=.;materialized_root=obj/beskid/deps/src/Std-b89365e0920d3039f175dccad5514a71
- name=corelib_codec;source=path;project=../../../../corelib/packages/codec;manifest=corelib_codec.bproj;source_root=src;materialized_root=obj/beskid/deps/src/corelib_codec-71f8822554761a56f6c558c8d08b014f
- name=corelib_compiler_sdk;source=path;project=../../../../corelib/packages/compiler-sdk;manifest=corelib_compiler_sdk.bproj;source_root=src;materialized_root=obj/beskid/deps/src/corelib_compiler_sdk-9b7dad87bbc87820e5dbfb72c1d50822
- name=corelib_concurrency;source=path;project=../../../../corelib/packages/concurrency;manifest=corelib_concurrency.bproj;source_root=src;materialized_root=obj/beskid/deps/src/corelib_concurrency-0ddff4f360448402d3fd26aceb26af8b
- name=corelib_connect;source=path;project=../../../../corelib/packages/connect;manifest=corelib_connect.bproj;source_root=src;materialized_root=obj/beskid/deps/src/corelib_connect-d179fdd364d79d310b7fb9a0772f0f66
- name=corelib_console;source=path;project=../../../../corelib/packages/console;manifest=corelib_console.bproj;source_root=src;materialized_root=obj/beskid/deps/src/corelib_console-44211766d4dea8329873c6ef93203493
- name=corelib_crypto;source=path;project=../../../../corelib/packages/crypto;manifest=corelib_crypto.bproj;source_root=src;materialized_root=obj/beskid/deps/src/corelib_crypto-0cb48ff34cab60d51c232d4255c1b45d
- name=corelib_foundation;source=path;project=../../../../corelib/packages/foundation;manifest=corelib_foundation.bproj;source_root=src;materialized_root=obj/beskid/deps/src/corelib_foundation-c3ce24df4689d13241523321b530a71c
- name=corelib_glue;source=path;project=../../../../corelib/packages/glue;manifest=corelib_glue.bproj;source_root=src;materialized_root=obj/beskid/deps/src/corelib_glue-2a355b9af11737f685885579d66ed8d9
- name=corelib_http;source=path;project=../../../../corelib/packages/http;manifest=corelib_http.bproj;source_root=src;materialized_root=obj/beskid/deps/src/corelib_http-b0f8a5c84e6341752397c791c7e8731f
- name=corelib_http2;source=path;project=../../../../corelib/packages/http2;manifest=corelib_http2.bproj;source_root=src;materialized_root=obj/beskid/deps/src/corelib_http2-7256039e4ae1a88defbeb7c02f465414
- name=corelib_http3;source=path;project=../../../../corelib/packages/http3;manifest=corelib_http3.bproj;source_root=src;materialized_root=obj/beskid/deps/src/corelib_http3-ce993783cc820c33708df4a8cbe10fb9
- name=corelib_interop;source=path;project=../../../../corelib/packages/interop;manifest=corelib_interop.bproj;source_root=src;materialized_root=obj/beskid/deps/src/corelib_interop-c3491ed513bb6cd22e527bed2bdcc2bd
- name=corelib_network;source=path;project=../../../../corelib/packages/network;manifest=corelib_network.bproj;source_root=src;materialized_root=obj/beskid/deps/src/corelib_network-14274e1fa1e81e3ca9585c38bc62c7d0
- name=corelib_quic;source=path;project=../../../../corelib/packages/quic;manifest=corelib_quic.bproj;source_root=src;materialized_root=obj/beskid/deps/src/corelib_quic-92748c6684618f7e761c1b78d3224bac
- name=corelib_runtime;source=path;project=../../../../corelib/packages/runtime;manifest=corelib_runtime.bproj;source_root=src;materialized_root=obj/beskid/deps/src/corelib_runtime-c4ecfe11fa97748cc8c5bc525f453d8e
- name=corelib_tls;source=path;project=../../../../corelib/packages/tls;manifest=corelib_tls.bproj;source_root=src;materialized_root=obj/beskid/deps/src/corelib_tls-8b2cda3dfaa756e5f1cf9140509cf236
- name=corelib_uri;source=path;project=../../../../corelib/packages/uri;manifest=corelib_uri.bproj;source_root=src;materialized_root=obj/beskid/deps/src/corelib_uri-2ee59115b348a5ada1cfeb77084ecd3d
- name=corelib_web;source=path;project=../../../../corelib/packages/web;manifest=corelib_web.bproj;source_root=src;materialized_root=obj/beskid/deps/src/corelib_web-7145988c69f3a4c85fd1cf0b62392fae
- name=corelib_websocket;source=path;project=../../../../corelib/packages/websocket;manifest=corelib_websocket.bproj;source_root=src;materialized_root=obj/beskid/deps/src/corelib_websocket-15bcc9458478b98c47eb2df02e7af377
- name=corelib_x509;source=path;project=../../../../corelib/packages/x509;manifest=corelib_x509.bproj;source_root=src;materialized_root=obj/beskid/deps/src/corelib_x509-dbf8d96bb5405890fc41167f288999a0
