# Project.lock v1
root_manifest=/private/tmp/beskid-compiler-main-merge/crates/beskid_e2e_tests/fixtures/corelib_mvp/CorelibMvp.bproj
project_name=CorelibMvp
dependencies:
- name=Std;manifest=/private/tmp/beskid-compiler-main-merge/corelib/beskid_corelib/corelib.bproj;project=/private/tmp/beskid-compiler-main-merge/corelib/beskid_corelib;source_root=/private/tmp/beskid-compiler-main-merge/corelib/beskid_corelib/;materialized_root=/private/tmp/beskid-compiler-main-merge/crates/beskid_e2e_tests/fixtures/corelib_mvp/obj/beskid/deps/src/corelib-01864f23ea2e5345
- name=corelib_compiler_sdk;manifest=/private/tmp/beskid-compiler-main-merge/corelib/packages/compiler-sdk/corelib_compiler_sdk.bproj;project=/private/tmp/beskid-compiler-main-merge/corelib/packages/compiler-sdk;source_root=/private/tmp/beskid-compiler-main-merge/corelib/packages/compiler-sdk/src;materialized_root=/private/tmp/beskid-compiler-main-merge/crates/beskid_e2e_tests/fixtures/corelib_mvp/obj/beskid/deps/src/corelib_compiler_sdk-a775efd84174c4c5
- name=corelib_concurrency;manifest=/private/tmp/beskid-compiler-main-merge/corelib/packages/concurrency/corelib_concurrency.bproj;project=/private/tmp/beskid-compiler-main-merge/corelib/packages/concurrency;source_root=/private/tmp/beskid-compiler-main-merge/corelib/packages/concurrency/src;materialized_root=/private/tmp/beskid-compiler-main-merge/crates/beskid_e2e_tests/fixtures/corelib_mvp/obj/beskid/deps/src/corelib_concurrency-52afcab9a3231723
- name=corelib_console;manifest=/private/tmp/beskid-compiler-main-merge/corelib/packages/console/corelib_console.bproj;project=/private/tmp/beskid-compiler-main-merge/corelib/packages/console;source_root=/private/tmp/beskid-compiler-main-merge/corelib/packages/console/src;materialized_root=/private/tmp/beskid-compiler-main-merge/crates/beskid_e2e_tests/fixtures/corelib_mvp/obj/beskid/deps/src/corelib_console-733cd72606b8e0b8
- name=corelib_foundation;manifest=/private/tmp/beskid-compiler-main-merge/corelib/packages/foundation/corelib_foundation.bproj;project=/private/tmp/beskid-compiler-main-merge/corelib/packages/foundation;source_root=/private/tmp/beskid-compiler-main-merge/corelib/packages/foundation/src;materialized_root=/private/tmp/beskid-compiler-main-merge/crates/beskid_e2e_tests/fixtures/corelib_mvp/obj/beskid/deps/src/corelib_foundation-cfb35cb98dd1b248
- name=corelib_runtime;manifest=/private/tmp/beskid-compiler-main-merge/corelib/packages/runtime/corelib_runtime.bproj;project=/private/tmp/beskid-compiler-main-merge/corelib/packages/runtime;source_root=/private/tmp/beskid-compiler-main-merge/corelib/packages/runtime/src;materialized_root=/private/tmp/beskid-compiler-main-merge/crates/beskid_e2e_tests/fixtures/corelib_mvp/obj/beskid/deps/src/corelib_runtime-9f8352a2b58078c3
