# Project.lock v1
root_manifest=/private/tmp/beskid-compiler-release-main-final/crates/beskid_e2e_tests/fixtures/corelib_mvp/CorelibMvp.bproj
project_name=CorelibMvp
dependencies:
- name=Std;manifest=/private/tmp/beskid-compiler-release-main-final/corelib/beskid_corelib/corelib.bproj;project=/private/tmp/beskid-compiler-release-main-final/corelib/beskid_corelib;source_root=/private/tmp/beskid-compiler-release-main-final/corelib/beskid_corelib/;materialized_root=/private/tmp/beskid-compiler-release-main-final/crates/beskid_e2e_tests/fixtures/corelib_mvp/obj/beskid/deps/src/corelib-7b5c9cb14f15d8ed
- name=corelib_compiler_sdk;manifest=/private/tmp/beskid-compiler-release-main-final/corelib/packages/compiler-sdk/corelib_compiler_sdk.bproj;project=/private/tmp/beskid-compiler-release-main-final/corelib/packages/compiler-sdk;source_root=/private/tmp/beskid-compiler-release-main-final/corelib/packages/compiler-sdk/src;materialized_root=/private/tmp/beskid-compiler-release-main-final/crates/beskid_e2e_tests/fixtures/corelib_mvp/obj/beskid/deps/src/corelib_compiler_sdk-25a2a0b12ffd41ce
- name=corelib_concurrency;manifest=/private/tmp/beskid-compiler-release-main-final/corelib/packages/concurrency/corelib_concurrency.bproj;project=/private/tmp/beskid-compiler-release-main-final/corelib/packages/concurrency;source_root=/private/tmp/beskid-compiler-release-main-final/corelib/packages/concurrency/src;materialized_root=/private/tmp/beskid-compiler-release-main-final/crates/beskid_e2e_tests/fixtures/corelib_mvp/obj/beskid/deps/src/corelib_concurrency-4689b5cb41bcdad3
- name=corelib_console;manifest=/private/tmp/beskid-compiler-release-main-final/corelib/packages/console/corelib_console.bproj;project=/private/tmp/beskid-compiler-release-main-final/corelib/packages/console;source_root=/private/tmp/beskid-compiler-release-main-final/corelib/packages/console/src;materialized_root=/private/tmp/beskid-compiler-release-main-final/crates/beskid_e2e_tests/fixtures/corelib_mvp/obj/beskid/deps/src/corelib_console-d0a155e58a61f7b1
- name=corelib_foundation;manifest=/private/tmp/beskid-compiler-release-main-final/corelib/packages/foundation/corelib_foundation.bproj;project=/private/tmp/beskid-compiler-release-main-final/corelib/packages/foundation;source_root=/private/tmp/beskid-compiler-release-main-final/corelib/packages/foundation/src;materialized_root=/private/tmp/beskid-compiler-release-main-final/crates/beskid_e2e_tests/fixtures/corelib_mvp/obj/beskid/deps/src/corelib_foundation-39b08492076f6f2c
- name=corelib_runtime;manifest=/private/tmp/beskid-compiler-release-main-final/corelib/packages/runtime/corelib_runtime.bproj;project=/private/tmp/beskid-compiler-release-main-final/corelib/packages/runtime;source_root=/private/tmp/beskid-compiler-release-main-final/corelib/packages/runtime/src;materialized_root=/private/tmp/beskid-compiler-release-main-final/crates/beskid_e2e_tests/fixtures/corelib_mvp/obj/beskid/deps/src/corelib_runtime-2bc1d089e1bc5a34
